<?xml version="1.0" encoding="utf-8"?>
<Project ToolsVersion="4.0" xmlns="http://schemas.microsoft.com/developer/msbuild/2003">
  <ItemGroup>
    <Filter Include="Source Files">
      <UniqueIdentifier>{4FC737F1-C7A5-4376-A066-2A32D752A2FF}</UniqueIdentifier>
      <Extensions>cpp;c;cc;cxx;c++;cppm;ixx;def;odl;idl;hpj;bat;asm;asmx</Extensions>
    </Filter>
    <Filter Include="Header Files">
      <UniqueIdentifier>{93995380-89BD-4b04-88EB-625FBE52EBFB}</UniqueIdentifier>
      <Extensions>h;hh;hpp;hxx;h++;hm;inl;inc;ipp;xsd</Extensions>
    </Filter>
    <Filter Include="Resource Files">
      <UniqueIdentifier>{67DA6AB6-F800-4c08-8B7A-83BB121AAD01}</UniqueIdentifier>
      <Extensions>rc;ico;cur;bmp;dlg;rc2;rct;bin;rgs;gif;jpg;jpeg;jpe;resx;tiff;tif;png;wav;mfcribbon-ms</Extensions>
    </Filter>
  </ItemGroup>
  <ItemGroup>
    <ClCompile Include="OpenLDAP.cpp">
      <Filter>Source Files</Filter>
    </ClCompile>
    <ClCompile Include="ldapcpp\LDAPAddRequest.cpp">
      <Filter>Source Files</Filter>
    </ClCompile>
    <ClCompile Include="ldapcpp\LDAPAsynConnection.cpp">
      <Filter>Source Files</Filter>
    </ClCompile>
    <ClCompile Include="ldapcpp\LDAPAttribute.cpp">
      <Filter>Source Files</Filter>
    </ClCompile>
    <ClCompile Include="ldapcpp\LDAPAttributeList.cpp">
      <Filter>Source Files</Filter>
    </ClCompile>
    <ClCompile Include="ldapcpp\LDAPAttrType.cpp">
      <Filter>Source Files</Filter>
    </ClCompile>
    <ClCompile Include="ldapcpp\LDAPBindRequest.cpp">
      <Filter>Source Files</Filter>
    </ClCompile>
    <ClCompile Include="ldapcpp\LDAPCompareRequest.cpp">
      <Filter>Source Files</Filter>
    </ClCompile>
    <ClCompile Include="ldapcpp\LDAPConnection.cpp">
      <Filter>Source Files</Filter>
    </ClCompile>
    <ClCompile Include="ldapcpp\LDAPConstraints.cpp">
      <Filter>Source Files</Filter>
    </ClCompile>
    <ClCompile Include="ldapcpp\LDAPControl.cpp">
      <Filter>Source Files</Filter>
    </ClCompile>
    <ClCompile Include="ldapcpp\LDAPControlSet.cpp">
      <Filter>Source Files</Filter>
    </ClCompile>
    <ClCompile Include="ldapcpp\LDAPDeleteRequest.cpp">
      <Filter>Source Files</Filter>
    </ClCompile>
    <ClCompile Include="ldapcpp\LDAPEntry.cpp">
      <Filter>Source Files</Filter>
    </ClCompile>
    <ClCompile Include="ldapcpp\LDAPEntryList.cpp">
      <Filter>Source Files</Filter>
    </ClCompile>
    <ClCompile Include="ldapcpp\LDAPException.cpp">
      <Filter>Source Files</Filter>
    </ClCompile>
    <ClCompile Include="ldapcpp\LDAPExtRequest.cpp">
      <Filter>Source Files</Filter>
    </ClCompile>
    <ClCompile Include="ldapcpp\LDAPExtResult.cpp">
      <Filter>Source Files</Filter>
    </ClCompile>
    <ClCompile Include="ldapcpp\LDAPMessage.cpp">
      <Filter>Source Files</Filter>
    </ClCompile>
    <ClCompile Include="ldapcpp\LDAPMessageQueue.cpp">
      <Filter>Source Files</Filter>
    </ClCompile>
    <ClCompile Include="ldapcpp\LDAPModDNRequest.cpp">
      <Filter>Source Files</Filter>
    </ClCompile>
    <ClCompile Include="ldapcpp\LDAPModification.cpp">
      <Filter>Source Files</Filter>
    </ClCompile>
    <ClCompile Include="ldapcpp\LDAPModifyRequest.cpp">
      <Filter>Source Files</Filter>
    </ClCompile>
    <ClCompile Include="ldapcpp\LDAPModList.cpp">
      <Filter>Source Files</Filter>
    </ClCompile>
    <ClCompile Include="ldapcpp\LDAPObjClass.cpp">
      <Filter>Source Files</Filter>
    </ClCompile>
    <ClCompile Include="ldapcpp\LDAPRebind.cpp">
      <Filter>Source Files</Filter>
    </ClCompile>
    <ClCompile Include="ldapcpp\LDAPRebindAuth.cpp">
      <Filter>Source Files</Filter>
    </ClCompile>
    <ClCompile Include="ldapcpp\LDAPReferenceList.cpp">
      <Filter>Source Files</Filter>
    </ClCompile>
    <ClCompile Include="ldapcpp\LDAPRequest.cpp">
      <Filter>Source Files</Filter>
    </ClCompile>
    <ClCompile Include="ldapcpp\LDAPResult.cpp">
      <Filter>Source Files</Filter>
    </ClCompile>
    <ClCompile Include="ldapcpp\LDAPSaslBindResult.cpp">
      <Filter>Source Files</Filter>
    </ClCompile>
    <ClCompile Include="ldapcpp\LDAPSchema.cpp">
      <Filter>Source Files</Filter>
    </ClCompile>
    <ClCompile Include="ldapcpp\LDAPSearchReference.cpp">
      <Filter>Source Files</Filter>
    </ClCompile>
    <ClCompile Include="ldapcpp\LDAPSearchRequest.cpp">
      <Filter>Source Files</Filter>
    </ClCompile>
    <ClCompile Include="ldapcpp\LDAPSearchResult.cpp">
      <Filter>Source Files</Filter>
    </ClCompile>
    <ClCompile Include="ldapcpp\LDAPSearchResults.cpp">
      <Filter>Source Files</Filter>
    </ClCompile>
    <ClCompile Include="ldapcpp\LDAPUrl.cpp">
      <Filter>Source Files</Filter>
    </ClCompile>
    <ClCompile Include="ldapcpp\LDAPUrlList.cpp">
      <Filter>Source Files</Filter>
    </ClCompile>
    <ClCompile Include="ldapcpp\LdifReader.cpp">
      <Filter>Source Files</Filter>
    </ClCompile>
    <ClCompile Include="ldapcpp\LdifWriter.cpp">
      <Filter>Source Files</Filter>
    </ClCompile>
    <ClCompile Include="ldapcpp\SaslInteraction.cpp">
      <Filter>Source Files</Filter>
    </ClCompile>
    <ClCompile Include="ldapcpp\SaslInteractionHandler.cpp">
      <Filter>Source Files</Filter>
    </ClCompile>
    <ClCompile Include="ldapcpp\StringList.cpp">
      <Filter>Source Files</Filter>
    </ClCompile>
    <ClCompile Include="ldapcpp\TlsOptions.cpp">
      <Filter>Source Files</Filter>
    </ClCompile>
    <ClCompile Include="main.cpp">
      <Filter>Source Files</Filter>
    </ClCompile>
  </ItemGroup>
  <ItemGroup>
    <ClInclude Include="ldapcpp\ac\time.h">
      <Filter>Header Files</Filter>
    </ClInclude>
    <ClInclude Include="ldapcpp\config.h">
      <Filter>Header Files</Filter>
    </ClInclude>
    <ClInclude Include="ldapcpp\config_centos6.h">
      <Filter>Header Files</Filter>
    </ClInclude>
    <ClInclude Include="ldapcpp\config_ori.h">
      <Filter>Header Files</Filter>
    </ClInclude>
    <ClInclude Include="ldapcpp\debug.h">
      <Filter>Header Files</Filter>
    </ClInclude>
    <ClInclude Include="ldapcpp\LDAPAddRequest.h">
      <Filter>Header Files</Filter>
    </ClInclude>
    <ClInclude Include="ldapcpp\LDAPAsynConnection.h">
      <Filter>Header Files</Filter>
    </ClInclude>
    <ClInclude Include="ldapcpp\LDAPAttribute.h">
      <Filter>Header Files</Filter>
    </ClInclude>
    <ClInclude Include="ldapcpp\LDAPAttributeList.h">
      <Filter>Header Files</Filter>
    </ClInclude>
    <ClInclude Include="ldapcpp\LDAPAttrType.h">
      <Filter>Header Files</Filter>
    </ClInclude>
    <ClInclude Include="ldapcpp\LDAPBindRequest.h">
      <Filter>Header Files</Filter>
    </ClInclude>
    <ClInclude Include="ldapcpp\LDAPCompareRequest.h">
      <Filter>Header Files</Filter>
    </ClInclude>
    <ClInclude Include="ldapcpp\LDAPConnection.h">
      <Filter>Header Files</Filter>
    </ClInclude>
    <ClInclude Include="ldapcpp\LDAPConstraints.h">
      <Filter>Header Files</Filter>
    </ClInclude>
    <ClInclude Include="ldapcpp\LDAPControl.h">
      <Filter>Header Files</Filter>
    </ClInclude>
    <ClInclude Include="ldapcpp\LDAPControlSet.h">
      <Filter>Header Files</Filter>
    </ClInclude>
    <ClInclude Include="ldapcpp\LDAPDeleteRequest.h">
      <Filter>Header Files</Filter>
    </ClInclude>
    <ClInclude Include="ldapcpp\LDAPEntry.h">
      <Filter>Header Files</Filter>
    </ClInclude>
    <ClInclude Include="ldapcpp\LDAPEntryList.h">
      <Filter>Header Files</Filter>
    </ClInclude>
    <ClInclude Include="ldapcpp\LDAPException.h">
      <Filter>Header Files</Filter>
    </ClInclude>
    <ClInclude Include="ldapcpp\LDAPExtRequest.h">
      <Filter>Header Files</Filter>
    </ClInclude>
    <ClInclude Include="ldapcpp\LDAPExtResult.h">
      <Filter>Header Files</Filter>
    </ClInclude>
    <ClInclude Include="ldapcpp\LDAPMessage.h">
      <Filter>Header Files</Filter>
    </ClInclude>
    <ClInclude Include="ldapcpp\LDAPMessageQueue.h">
      <Filter>Header Files</Filter>
    </ClInclude>
    <ClInclude Include="ldapcpp\LDAPModDNRequest.h">
      <Filter>Header Files</Filter>
    </ClInclude>
    <ClInclude Include="ldapcpp\LDAPModification.h">
      <Filter>Header Files</Filter>
    </ClInclude>
    <ClInclude Include="ldapcpp\LDAPModifyRequest.h">
      <Filter>Header Files</Filter>
    </ClInclude>
    <ClInclude Include="ldapcpp\LDAPModList.h">
      <Filter>Header Files</Filter>
    </ClInclude>
    <ClInclude Include="ldapcpp\LDAPObjClass.h">
      <Filter>Header Files</Filter>
    </ClInclude>
    <ClInclude Include="ldapcpp\LDAPRebind.h">
      <Filter>Header Files</Filter>
    </ClInclude>
    <ClInclude Include="ldapcpp\LDAPRebindAuth.h">
      <Filter>Header Files</Filter>
    </ClInclude>
    <ClInclude Include="ldapcpp\LDAPReferenceList.h">
      <Filter>Header Files</Filter>
    </ClInclude>
    <ClInclude Include="ldapcpp\LDAPRequest.h">
      <Filter>Header Files</Filter>
    </ClInclude>
    <ClInclude Include="ldapcpp\LDAPResult.h">
      <Filter>Header Files</Filter>
    </ClInclude>
    <ClInclude Include="ldapcpp\LDAPSaslBindResult.h">
      <Filter>Header Files</Filter>
    </ClInclude>
    <ClInclude Include="ldapcpp\LDAPSchema.h">
      <Filter>Header Files</Filter>
    </ClInclude>
    <ClInclude Include="ldapcpp\LDAPSearchReference.h">
      <Filter>Header Files</Filter>
    </ClInclude>
    <ClInclude Include="ldapcpp\LDAPSearchRequest.h">
      <Filter>Header Files</Filter>
    </ClInclude>
    <ClInclude Include="ldapcpp\LDAPSearchResult.h">
      <Filter>Header Files</Filter>
    </ClInclude>
    <ClInclude Include="ldapcpp\LDAPSearchResults.h">
      <Filter>Header Files</Filter>
    </ClInclude>
    <ClInclude Include="ldapcpp\LDAPUrl.h">
      <Filter>Header Files</Filter>
    </ClInclude>
    <ClInclude Include="ldapcpp\LDAPUrlList.h">
      <Filter>Header Files</Filter>
    </ClInclude>
    <ClInclude Include="ldapcpp\LdifReader.h">
      <Filter>Header Files</Filter>
    </ClInclude>
    <ClInclude Include="ldapcpp\LdifWriter.h">
      <Filter>Header Files</Filter>
    </ClInclude>
    <ClInclude Include="ldapcpp\SaslInteraction.h">
      <Filter>Header Files</Filter>
    </ClInclude>
    <ClInclude Include="ldapcpp\SaslInteractionHandler.h">
      <Filter>Header Files</Filter>
    </ClInclude>
    <ClInclude Include="ldapcpp\StringList.h">
      <Filter>Header Files</Filter>
    </ClInclude>
    <ClInclude Include="ldapcpp\TlsOptions.h">
      <Filter>Header Files</Filter>
    </ClInclude>
    <ClInclude Include="OpenLDAP.h">
      <Filter>Header Files</Filter>
    </ClInclude>
  </ItemGroup>
</Project>